// !$*UTF8*$!
{
	archiveVersion = 1;
	classes = {
	};
	objectVersion = 51;
	objects = {

/* Begin PBXBuildFile section */
		2209A663F689B31726324448 /* Pods_Proderma.framework in Frameworks */ = {isa = PBXBuildFile; fileRef = 480B5BA204933B5C9E743879 /* Pods_Proderma.framework */; };
		C51DD81E2608CBA900FCDCFE /* LocalizationSystem.swift in Sources */ = {isa = PBXBuildFile; fileRef = C51DD81D2608CBA900FCDCFE /* LocalizationSystem.swift */; };
		C51DD8262608CCDF00FCDCFE /* Localizable.strings in Resources */ = {isa = PBXBuildFile; fileRef = C51DD8282608CCDF00FCDCFE /* Localizable.strings */; };
		C51F73C625C1DD1E0047C80B /* AppDelegate.swift in Sources */ = {isa = PBXBuildFile; fileRef = C51F73C525C1DD1E0047C80B /* AppDelegate.swift */; };
		C51F73C825C1DD1E0047C80B /* SceneDelegate.swift in Sources */ = {isa = PBXBuildFile; fileRef = C51F73C725C1DD1E0047C80B /* SceneDelegate.swift */; };
		C51F73CA25C1DD1E0047C80B /* SelLangVC.swift in Sources */ = {isa = PBXBuildFile; fileRef = C51F73C925C1DD1E0047C80B /* SelLangVC.swift */; };
		C51F73CD25C1DD1F0047C80B /* Main.storyboard in Resources */ = {isa = PBXBuildFile; fileRef = C51F73CB25C1DD1E0047C80B /* Main.storyboard */; };
		C51F73CF25C1DD200047C80B /* Assets.xcassets in Resources */ = {isa = PBXBuildFile; fileRef = C51F73CE25C1DD200047C80B /* Assets.xcassets */; };
		C51F73D225C1DD200047C80B /* LaunchScreen.storyboard in Resources */ = {isa = PBXBuildFile; fileRef = C51F73D025C1DD200047C80B /* LaunchScreen.storyboard */; };
		C524BA8425CCDB6A005980B5 /* ChatVC.swift in Sources */ = {isa = PBXBuildFile; fileRef = C524BA8325CCDB6A005980B5 /* ChatVC.swift */; };
		C524BABF25CDA1DF005980B5 /* HomeVC.swift in Sources */ = {isa = PBXBuildFile; fileRef = C524BABE25CDA1DF005980B5 /* HomeVC.swift */; };
		C524BAC225CDA218005980B5 /* AllProductVC.swift in Sources */ = {isa = PBXBuildFile; fileRef = C524BAC125CDA218005980B5 /* AllProductVC.swift */; };
		C524BAC525CDA226005980B5 /* AllClinicVC.swift in Sources */ = {isa = PBXBuildFile; fileRef = C524BAC425CDA226005980B5 /* AllClinicVC.swift */; };
		C524BAC825CDA23A005980B5 /* OneProductVC.swift in Sources */ = {isa = PBXBuildFile; fileRef = C524BAC725CDA23A005980B5 /* OneProductVC.swift */; };
		C524BACB25CDA24B005980B5 /* OneClinicVC.swift in Sources */ = {isa = PBXBuildFile; fileRef = C524BACA25CDA24B005980B5 /* OneClinicVC.swift */; };
		C524BACE25CDA261005980B5 /* ProductInfoVC.swift in Sources */ = {isa = PBXBuildFile; fileRef = C524BACD25CDA261005980B5 /* ProductInfoVC.swift */; };
		C524BAD125CDA273005980B5 /* ClinicHomeVC.swift in Sources */ = {isa = PBXBuildFile; fileRef = C524BAD025CDA273005980B5 /* ClinicHomeVC.swift */; };
		C524BAD425CDA282005980B5 /* ClinicInfoEditVC.swift in Sources */ = {isa = PBXBuildFile; fileRef = C524BAD325CDA282005980B5 /* ClinicInfoEditVC.swift */; };
		C524BAD725CDA297005980B5 /* ClinicDoctorAddVC.swift in Sources */ = {isa = PBXBuildFile; fileRef = C524BAD625CDA297005980B5 /* ClinicDoctorAddVC.swift */; };
		C524BADA25CDA2AA005980B5 /* ClinicDoctorUpdateVC.swift in Sources */ = {isa = PBXBuildFile; fileRef = C524BAD925CDA2AA005980B5 /* ClinicDoctorUpdateVC.swift */; };
		C524BADD25CDA2C1005980B5 /* ClinicPhotoAllVC.swift in Sources */ = {isa = PBXBuildFile; fileRef = C524BADC25CDA2C1005980B5 /* ClinicPhotoAllVC.swift */; };
		C524BAE025CDA2D9005980B5 /* ClinicPhotoDelVC.swift in Sources */ = {isa = PBXBuildFile; fileRef = C524BADF25CDA2D9005980B5 /* ClinicPhotoDelVC.swift */; };
		C524BAE325CDA2F1005980B5 /* EventHomeVC.swift in Sources */ = {isa = PBXBuildFile; fileRef = C524BAE225CDA2F1005980B5 /* EventHomeVC.swift */; };
		C524BAE625CDA308005980B5 /* HistoryHomeVC.swift in Sources */ = {isa = PBXBuildFile; fileRef = C524BAE525CDA308005980B5 /* HistoryHomeVC.swift */; };
		C524BAE925CDA31C005980B5 /* SettingHomeVC.swift in Sources */ = {isa = PBXBuildFile; fileRef = C524BAE825CDA31C005980B5 /* SettingHomeVC.swift */; };
		C524BAED25CDA332005980B5 /* LogHomeVC.swift in Sources */ = {isa = PBXBuildFile; fileRef = C524BAEC25CDA332005980B5 /* LogHomeVC.swift */; };
		C524BAF125CDA340005980B5 /* LoginVC.swift in Sources */ = {isa = PBXBuildFile; fileRef = C524BAF025CDA340005980B5 /* LoginVC.swift */; };
		C524BAF525CDA353005980B5 /* SignupVC.swift in Sources */ = {isa = PBXBuildFile; fileRef = C524BAF425CDA353005980B5 /* SignupVC.swift */; };
		C524BAF925CDA362005980B5 /* SignupClinicVC.swift in Sources */ = {isa = PBXBuildFile; fileRef = C524BAF825CDA362005980B5 /* SignupClinicVC.swift */; };
		C524BAFC25CDA47F005980B5 /* ChangePassVC.swift in Sources */ = {isa = PBXBuildFile; fileRef = C524BAFB25CDA47F005980B5 /* ChangePassVC.swift */; };
		C527609525FF8B09002F3989 /* BrandCell.swift in Sources */ = {isa = PBXBuildFile; fileRef = C527609425FF8B09002F3989 /* BrandCell.swift */; };
		C527609825FF8F32002F3989 /* Brand.swift in Sources */ = {isa = PBXBuildFile; fileRef = C527609725FF8F32002F3989 /* Brand.swift */; };
		C527611825FF957E002F3989 /* splash.gif in Resources */ = {isa = PBXBuildFile; fileRef = C527611725FF957E002F3989 /* splash.gif */; };
		C52761A525FF996E002F3989 /* LogoAnimationView.swift in Sources */ = {isa = PBXBuildFile; fileRef = C52761A325FF996D002F3989 /* LogoAnimationView.swift */; };
		C52761A625FF996E002F3989 /* UIView+Constraints.swift in Sources */ = {isa = PBXBuildFile; fileRef = C52761A425FF996E002F3989 /* UIView+Constraints.swift */; };
		C52761A925FF9989002F3989 /* SplashVC.swift in Sources */ = {isa = PBXBuildFile; fileRef = C52761A825FF9989002F3989 /* SplashVC.swift */; };
		C52761AC25FF9D20002F3989 /* AllClinicCell.swift in Sources */ = {isa = PBXBuildFile; fileRef = C52761AB25FF9D20002F3989 /* AllClinicCell.swift */; };
		C52761AF25FFB934002F3989 /* Doctor.swift in Sources */ = {isa = PBXBuildFile; fileRef = C52761AE25FFB934002F3989 /* Doctor.swift */; };
		C52761B225FFB943002F3989 /* Offer.swift in Sources */ = {isa = PBXBuildFile; fileRef = C52761B125FFB943002F3989 /* Offer.swift */; };
		C52761B525FFC016002F3989 /* HomeDoctorCell.swift in Sources */ = {isa = PBXBuildFile; fileRef = C52761B425FFC016002F3989 /* HomeDoctorCell.swift */; };
		C52761B925FFC322002F3989 /* OfferCell.swift in Sources */ = {isa = PBXBuildFile; fileRef = C52761B725FFC322002F3989 /* OfferCell.swift */; };
		C52761BA25FFC322002F3989 /* OfferCell.xib in Resources */ = {isa = PBXBuildFile; fileRef = C52761B825FFC322002F3989 /* OfferCell.xib */; };
		C541469325CF6F09007F73AB /* Clinic.swift in Sources */ = {isa = PBXBuildFile; fileRef = C541469225CF6F09007F73AB /* Clinic.swift */; };
		C541469625CF6F6C007F73AB /* Global.swift in Sources */ = {isa = PBXBuildFile; fileRef = C541469525CF6F6C007F73AB /* Global.swift */; };
		C541469925CF6F7D007F73AB /* Product.swift in Sources */ = {isa = PBXBuildFile; fileRef = C541469825CF6F7D007F73AB /* Product.swift */; };
		C541469C25CF733E007F73AB /* GoogleService-Info.plist in Resources */ = {isa = PBXBuildFile; fileRef = C541469B25CF733E007F73AB /* GoogleService-Info.plist */; };
		C54146D025CFE923007F73AB /* HomeclinicCell.swift in Sources */ = {isa = PBXBuildFile; fileRef = C54146CF25CFE923007F73AB /* HomeclinicCell.swift */; };
		C54146D325CFED80007F73AB /* HomeproductCell.swift in Sources */ = {isa = PBXBuildFile; fileRef = C54146D225CFED80007F73AB /* HomeproductCell.swift */; };
		C54146D725CFF295007F73AB /* AllproductCell.swift in Sources */ = {isa = PBXBuildFile; fileRef = C54146D625CFF295007F73AB /* AllproductCell.swift */; };
		C541473925D0D601007F73AB /* ProductImage.swift in Sources */ = {isa = PBXBuildFile; fileRef = C541473825D0D601007F73AB /* ProductImage.swift */; };
		C541473C25D0D6F6007F73AB /* ClinicImage.swift in Sources */ = {isa = PBXBuildFile; fileRef = C541473B25D0D6F6007F73AB /* ClinicImage.swift */; };
		C541473F25D0E32D007F73AB /* ProductClinicCell.swift in Sources */ = {isa = PBXBuildFile; fileRef = C541473E25D0E32D007F73AB /* ProductClinicCell.swift */; };
		C55B13EC2600D92F00715036 /* OrderHistory.swift in Sources */ = {isa = PBXBuildFile; fileRef = C55B13EB2600D92F00715036 /* OrderHistory.swift */; };
		C55B13F02600D9C300715036 /* OrderHistoryCell.swift in Sources */ = {isa = PBXBuildFile; fileRef = C55B13EF2600D9C300715036 /* OrderHistoryCell.swift */; };
		C55B13F42600EB3600715036 /* Event.swift in Sources */ = {isa = PBXBuildFile; fileRef = C55B13F32600EB3600715036 /* Event.swift */; };
		C55B13F72600EBBD00715036 /* EventListCell.swift in Sources */ = {isa = PBXBuildFile; fileRef = C55B13F62600EBBD00715036 /* EventListCell.swift */; };
		C55B13FA2600F90800715036 /* EventOneVC.swift in Sources */ = {isa = PBXBuildFile; fileRef = C55B13F92600F90800715036 /* EventOneVC.swift */; };
		C55B13FD2600FB1C00715036 /* EventImage.swift in Sources */ = {isa = PBXBuildFile; fileRef = C55B13FC2600FB1C00715036 /* EventImage.swift */; };
		C55B14002601308600715036 /* ClinicDoctorCell.swift in Sources */ = {isa = PBXBuildFile; fileRef = C55B13FF2601308600715036 /* ClinicDoctorCell.swift */; };
		C55B14032601921400715036 /* ClinicImageCell.swift in Sources */ = {isa = PBXBuildFile; fileRef = C55B14022601921300715036 /* ClinicImageCell.swift */; };
		C55B14062601A52800715036 /* ClinicOfferAddVC.swift in Sources */ = {isa = PBXBuildFile; fileRef = C55B14052601A52800715036 /* ClinicOfferAddVC.swift */; };
		C55B14092601ABA200715036 /* ClinicOfferDelVC.swift in Sources */ = {isa = PBXBuildFile; fileRef = C55B14082601ABA200715036 /* ClinicOfferDelVC.swift */; };
		C56379B425D4363F00B99EE5 /* ProductPdf.swift in Sources */ = {isa = PBXBuildFile; fileRef = C56379B325D4363F00B99EE5 /* ProductPdf.swift */; };
		C56379B725D4372D00B99EE5 /* Productvideo.swift in Sources */ = {isa = PBXBuildFile; fileRef = C56379B625D4372D00B99EE5 /* Productvideo.swift */; };
		C56379BA25D4376B00B99EE5 /* ProductinfoCell.swift in Sources */ = {isa = PBXBuildFile; fileRef = C56379B925D4376B00B99EE5 /* ProductinfoCell.swift */; };
		C59E54302607A0A900CAD33A /* ClinicNormalVC.swift in Sources */ = {isa = PBXBuildFile; fileRef = C59E542F2607A0A900CAD33A /* ClinicNormalVC.swift */; };
/* End PBXBuildFile section */

/* Begin PBXFileReference section */
		102C3AAF3D9260A893E9D181 /* Pods-Proderma.debug.xcconfig */ = {isa = PBXFileReference; includeInIndex = 1; lastKnownFileType = text.xcconfig; name = "Pods-Proderma.debug.xcconfig"; path = "Target Support Files/Pods-Proderma/Pods-Proderma.debug.xcconfig"; sourceTree = "<group>"; };
		480B5BA204933B5C9E743879 /* Pods_Proderma.framework */ = {isa = PBXFileReference; explicitFileType = wrapper.framework; includeInIndex = 0; path = Pods_Proderma.framework; sourceTree = BUILT_PRODUCTS_DIR; };
		61CCFD07A238CAD000CC596C /* Pods-Proderma.release.xcconfig */ = {isa = PBXFileReference; includeInIndex = 1; lastKnownFileType = text.xcconfig; name = "Pods-Proderma.release.xcconfig"; path = "Target Support Files/Pods-Proderma/Pods-Proderma.release.xcconfig"; sourceTree = "<group>"; };
		C51DD81D2608CBA900FCDCFE /* LocalizationSystem.swift */ = {isa = PBXFileReference; fileEncoding = 4; lastKnownFileType = sourcecode.swift; path = LocalizationSystem.swift; sourceTree = "<group>"; };
		C51DD8202608CC7E00FCDCFE /* ar */ = {isa = PBXFileReference; lastKnownFileType = text.plist.strings; name = ar; path = ar.lproj/Main.strings; sourceTree = "<group>"; };
		C51DD8212608CC7F00FCDCFE /* ar */ = {isa = PBXFileReference; lastKnownFileType = text.plist.strings; name = ar; path = ar.lproj/LaunchScreen.strings; sourceTree = "<group>"; };
		C51DD8272608CCDF00FCDCFE /* ar */ = {isa = PBXFileReference; lastKnownFileType = text.plist.strings; name = ar; path = ar.lproj/Localizable.strings; sourceTree = "<group>"; };
		C51DD8292608CCE600FCDCFE /* en */ = {isa = PBXFileReference; lastKnownFileType = text.plist.strings; name = en; path = en.lproj/Localizable.strings; sourceTree = "<group>"; };
		C51F73C225C1DD1E0047C80B /* Proderma.app */ = {isa = PBXFileReference; explicitFileType = wrapper.application; includeInIndex = 0; path = Proderma.app; sourceTree = BUILT_PRODUCTS_DIR; };
		C51F73C525C1DD1E0047C80B /* AppDelegate.swift */ = {isa = PBXFileReference; lastKnownFileType = sourcecode.swift; path = AppDelegate.swift; sourceTree = "<group>"; };
		C51F73C725C1DD1E0047C80B /* SceneDelegate.swift */ = {isa = PBXFileReference; lastKnownFileType = sourcecode.swift; path = SceneDelegate.swift; sourceTree = "<group>"; };
		C51F73C925C1DD1E0047C80B /* SelLangVC.swift */ = {isa = PBXFileReference; lastKnownFileType = sourcecode.swift; path = SelLangVC.swift; sourceTree = "<group>"; };
		C51F73CC25C1DD1E0047C80B /* Base */ = {isa = PBXFileReference; lastKnownFileType = file.storyboard; name = Base; path = Base.lproj/Main.storyboard; sourceTree = "<group>"; };
		C51F73CE25C1DD200047C80B /* Assets.xcassets */ = {isa = PBXFileReference; lastKnownFileType = folder.assetcatalog; path = Assets.xcassets; sourceTree = "<group>"; };
		C51F73D125C1DD200047C80B /* Base */ = {isa = PBXFileReference; lastKnownFileType = file.storyboard; name = Base; path = Base.lproj/LaunchScreen.storyboard; sourceTree = "<group>"; };
		C51F73D325C1DD200047C80B /* Info.plist */ = {isa = PBXFileReference; lastKnownFileType = text.plist.xml; path = Info.plist; sourceTree = "<group>"; };
		C524BA8325CCDB6A005980B5 /* ChatVC.swift */ = {isa = PBXFileReference; lastKnownFileType = sourcecode.swift; path = ChatVC.swift; sourceTree = "<group>"; };
		C524BABE25CDA1DF005980B5 /* HomeVC.swift */ = {isa = PBXFileReference; lastKnownFileType = sourcecode.swift; path = HomeVC.swift; sourceTree = "<group>"; };
		C524BAC125CDA218005980B5 /* AllProductVC.swift */ = {isa = PBXFileReference; lastKnownFileType = sourcecode.swift; path = AllProductVC.swift; sourceTree = "<group>"; };
		C524BAC425CDA226005980B5 /* AllClinicVC.swift */ = {isa = PBXFileReference; lastKnownFileType = sourcecode.swift; path = AllClinicVC.swift; sourceTree = "<group>"; };
		C524BAC725CDA23A005980B5 /* OneProductVC.swift */ = {isa = PBXFileReference; lastKnownFileType = sourcecode.swift; path = OneProductVC.swift; sourceTree = "<group>"; };
		C524BACA25CDA24B005980B5 /* OneClinicVC.swift */ = {isa = PBXFileReference; lastKnownFileType = sourcecode.swift; path = OneClinicVC.swift; sourceTree = "<group>"; };
		C524BACD25CDA261005980B5 /* ProductInfoVC.swift */ = {isa = PBXFileReference; lastKnownFileType = sourcecode.swift; path = ProductInfoVC.swift; sourceTree = "<group>"; };
		C524BAD025CDA273005980B5 /* ClinicHomeVC.swift */ = {isa = PBXFileReference; lastKnownFileType = sourcecode.swift; path = ClinicHomeVC.swift; sourceTree = "<group>"; };
		C524BAD325CDA282005980B5 /* ClinicInfoEditVC.swift */ = {isa = PBXFileReference; lastKnownFileType = sourcecode.swift; path = ClinicInfoEditVC.swift; sourceTree = "<group>"; };
		C524BAD625CDA297005980B5 /* ClinicDoctorAddVC.swift */ = {isa = PBXFileReference; lastKnownFileType = sourcecode.swift; path = ClinicDoctorAddVC.swift; sourceTree = "<group>"; };
		C524BAD925CDA2AA005980B5 /* ClinicDoctorUpdateVC.swift */ = {isa = PBXFileReference; lastKnownFileType = sourcecode.swift; path = ClinicDoctorUpdateVC.swift; sourceTree = "<group>"; };
		C524BADC25CDA2C1005980B5 /* ClinicPhotoAllVC.swift */ = {isa = PBXFileReference; lastKnownFileType = sourcecode.swift; path = ClinicPhotoAllVC.swift; sourceTree = "<group>"; };
		C524BADF25CDA2D9005980B5 /* ClinicPhotoDelVC.swift */ = {isa = PBXFileReference; lastKnownFileType = sourcecode.swift; path = ClinicPhotoDelVC.swift; sourceTree = "<group>"; };
		C524BAE225CDA2F1005980B5 /* EventHomeVC.swift */ = {isa = PBXFileReference; lastKnownFileType = sourcecode.swift; path = EventHomeVC.swift; sourceTree = "<group>"; };
		C524BAE525CDA308005980B5 /* HistoryHomeVC.swift */ = {isa = PBXFileReference; lastKnownFileType = sourcecode.swift; path = HistoryHomeVC.swift; sourceTree = "<group>"; };
		C524BAE825CDA31C005980B5 /* SettingHomeVC.swift */ = {isa = PBXFileReference; lastKnownFileType = sourcecode.swift; path = SettingHomeVC.swift; sourceTree = "<group>"; };
		C524BAEC25CDA332005980B5 /* LogHomeVC.swift */ = {isa = PBXFileReference; lastKnownFileType = sourcecode.swift; path = LogHomeVC.swift; sourceTree = "<group>"; };
		C524BAF025CDA340005980B5 /* LoginVC.swift */ = {isa = PBXFileReference; lastKnownFileType = sourcecode.swift; path = LoginVC.swift; sourceTree = "<group>"; };
		C524BAF425CDA353005980B5 /* SignupVC.swift */ = {isa = PBXFileReference; lastKnownFileType = sourcecode.swift; path = SignupVC.swift; sourceTree = "<group>"; };
		C524BAF825CDA362005980B5 /* SignupClinicVC.swift */ = {isa = PBXFileReference; lastKnownFileType = sourcecode.swift; path = SignupClinicVC.swift; sourceTree = "<group>"; };
		C524BAFB25CDA47F005980B5 /* ChangePassVC.swift */ = {isa = PBXFileReference; lastKnownFileType = sourcecode.swift; path = ChangePassVC.swift; sourceTree = "<group>"; };
		C527609425FF8B09002F3989 /* BrandCell.swift */ = {isa = PBXFileReference; lastKnownFileType = sourcecode.swift; path = BrandCell.swift; sourceTree = "<group>"; };
		C527609725FF8F32002F3989 /* Brand.swift */ = {isa = PBXFileReference; lastKnownFileType = sourcecode.swift; path = Brand.swift; sourceTree = "<group>"; };
		C527611725FF957E002F3989 /* splash.gif */ = {isa = PBXFileReference; lastKnownFileType = image.gif; path = splash.gif; sourceTree = "<group>"; };
		C52761A325FF996D002F3989 /* LogoAnimationView.swift */ = {isa = PBXFileReference; fileEncoding = 4; lastKnownFileType = sourcecode.swift; path = LogoAnimationView.swift; sourceTree = "<group>"; };
		C52761A425FF996E002F3989 /* UIView+Constraints.swift */ = {isa = PBXFileReference; fileEncoding = 4; lastKnownFileType = sourcecode.swift; path = "UIView+Constraints.swift"; sourceTree = "<group>"; };
		C52761A825FF9989002F3989 /* SplashVC.swift */ = {isa = PBXFileReference; lastKnownFileType = sourcecode.swift; path = SplashVC.swift; sourceTree = "<group>"; };
		C52761AB25FF9D20002F3989 /* AllClinicCell.swift */ = {isa = PBXFileReference; lastKnownFileType = sourcecode.swift; path = AllClinicCell.swift; sourceTree = "<group>"; };
		C52761AE25FFB934002F3989 /* Doctor.swift */ = {isa = PBXFileReference; lastKnownFileType = sourcecode.swift; path = Doctor.swift; sourceTree = "<group>"; };
		C52761B125FFB943002F3989 /* Offer.swift */ = {isa = PBXFileReference; lastKnownFileType = sourcecode.swift; path = Offer.swift; sourceTree = "<group>"; };
		C52761B425FFC016002F3989 /* HomeDoctorCell.swift */ = {isa = PBXFileReference; lastKnownFileType = sourcecode.swift; path = HomeDoctorCell.swift; sourceTree = "<group>"; };
		C52761B725FFC322002F3989 /* OfferCell.swift */ = {isa = PBXFileReference; lastKnownFileType = sourcecode.swift; path = OfferCell.swift; sourceTree = "<group>"; };
		C52761B825FFC322002F3989 /* OfferCell.xib */ = {isa = PBXFileReference; lastKnownFileType = file.xib; path = OfferCell.xib; sourceTree = "<group>"; };
		C541469225CF6F09007F73AB /* Clinic.swift */ = {isa = PBXFileReference; lastKnownFileType = sourcecode.swift; path = Clinic.swift; sourceTree = "<group>"; };
		C541469525CF6F6C007F73AB /* Global.swift */ = {isa = PBXFileReference; lastKnownFileType = sourcecode.swift; path = Global.swift; sourceTree = "<group>"; };
		C541469825CF6F7D007F73AB /* Product.swift */ = {isa = PBXFileReference; lastKnownFileType = sourcecode.swift; path = Product.swift; sourceTree = "<group>"; };
		C541469B25CF733E007F73AB /* GoogleService-Info.plist */ = {isa = PBXFileReference; fileEncoding = 4; lastKnownFileType = text.plist.xml; path = "GoogleService-Info.plist"; sourceTree = "<group>"; };
		C54146CF25CFE923007F73AB /* HomeclinicCell.swift */ = {isa = PBXFileReference; lastKnownFileType = sourcecode.swift; path = HomeclinicCell.swift; sourceTree = "<group>"; };
		C54146D225CFED80007F73AB /* HomeproductCell.swift */ = {isa = PBXFileReference; lastKnownFileType = sourcecode.swift; path = HomeproductCell.swift; sourceTree = "<group>"; };
		C54146D625CFF295007F73AB /* AllproductCell.swift */ = {isa = PBXFileReference; lastKnownFileType = sourcecode.swift; path = AllproductCell.swift; sourceTree = "<group>"; };
		C541473825D0D601007F73AB /* ProductImage.swift */ = {isa = PBXFileReference; lastKnownFileType = sourcecode.swift; path = ProductImage.swift; sourceTree = "<group>"; };
		C541473B25D0D6F6007F73AB /* ClinicImage.swift */ = {isa = PBXFileReference; lastKnownFileType = sourcecode.swift; path = ClinicImage.swift; sourceTree = "<group>"; };
		C541473E25D0E32D007F73AB /* ProductClinicCell.swift */ = {isa = PBXFileReference; lastKnownFileType = sourcecode.swift; path = ProductClinicCell.swift; sourceTree = "<group>"; };
		C55B13EB2600D92F00715036 /* OrderHistory.swift */ = {isa = PBXFileReference; lastKnownFileType = sourcecode.swift; path = OrderHistory.swift; sourceTree = "<group>"; };
		C55B13EF2600D9C300715036 /* OrderHistoryCell.swift */ = {isa = PBXFileReference; lastKnownFileType = sourcecode.swift; path = OrderHistoryCell.swift; sourceTree = "<group>"; };
		C55B13F32600EB3600715036 /* Event.swift */ = {isa = PBXFileReference; lastKnownFileType = sourcecode.swift; path = Event.swift; sourceTree = "<group>"; };
		C55B13F62600EBBD00715036 /* EventListCell.swift */ = {isa = PBXFileReference; lastKnownFileType = sourcecode.swift; path = EventListCell.swift; sourceTree = "<group>"; };
		C55B13F92600F90800715036 /* EventOneVC.swift */ = {isa = PBXFileReference; lastKnownFileType = sourcecode.swift; path = EventOneVC.swift; sourceTree = "<group>"; };
		C55B13FC2600FB1C00715036 /* EventImage.swift */ = {isa = PBXFileReference; lastKnownFileType = sourcecode.swift; path = EventImage.swift; sourceTree = "<group>"; };
		C55B13FF2601308600715036 /* ClinicDoctorCell.swift */ = {isa = PBXFileReference; lastKnownFileType = sourcecode.swift; path = ClinicDoctorCell.swift; sourceTree = "<group>"; };
		C55B14022601921300715036 /* ClinicImageCell.swift */ = {isa = PBXFileReference; lastKnownFileType = sourcecode.swift; path = ClinicImageCell.swift; sourceTree = "<group>"; };
		C55B14052601A52800715036 /* ClinicOfferAddVC.swift */ = {isa = PBXFileReference; lastKnownFileType = sourcecode.swift; path = ClinicOfferAddVC.swift; sourceTree = "<group>"; };
		C55B14082601ABA200715036 /* ClinicOfferDelVC.swift */ = {isa = PBXFileReference; lastKnownFileType = sourcecode.swift; path = ClinicOfferDelVC.swift; sourceTree = "<group>"; };
		C56379B325D4363F00B99EE5 /* ProductPdf.swift */ = {isa = PBXFileReference; lastKnownFileType = sourcecode.swift; path = ProductPdf.swift; sourceTree = "<group>"; };
		C56379B625D4372D00B99EE5 /* Productvideo.swift */ = {isa = PBXFileReference; lastKnownFileType = sourcecode.swift; path = Productvideo.swift; sourceTree = "<group>"; };
		C56379B925D4376B00B99EE5 /* ProductinfoCell.swift */ = {isa = PBXFileReference; lastKnownFileType = sourcecode.swift; path = ProductinfoCell.swift; sourceTree = "<group>"; };
		C59E542F2607A0A900CAD33A /* ClinicNormalVC.swift */ = {isa = PBXFileReference; lastKnownFileType = sourcecode.swift; path = ClinicNormalVC.swift; sourceTree = "<group>"; };
/* End PBXFileReference section */

/* Begin PBXFrameworksBuildPhase section */
		C51F73BF25C1DD1E0047C80B /* Frameworks */ = {
			isa = PBXFrameworksBuildPhase;
			buildActionMask = 2147483647;
			files = (
				2209A663F689B31726324448 /* Pods_Proderma.framework in Frameworks */,
			);
			runOnlyForDeploymentPostprocessing = 0;
		};
/* End PBXFrameworksBuildPhase section */

/* Begin PBXGroup section */
		B3F76AD7CD50D15869A82008 /* Frameworks */ = {
			isa = PBXGroup;
			children = (
				480B5BA204933B5C9E743879 /* Pods_Proderma.framework */,
			);
			name = Frameworks;
			sourceTree = "<group>";
		};
		C51F73B925C1DD1E0047C80B = {
			isa = PBXGroup;
			children = (
				C51F73C425C1DD1E0047C80B /* Proderma */,
				C51F73C325C1DD1E0047C80B /* Products */,
				D4DD54C258579908F13E8F15 /* Pods */,
				B3F76AD7CD50D15869A82008 /* Frameworks */,
			);
			sourceTree = "<group>";
		};
		C51F73C325C1DD1E0047C80B /* Products */ = {
			isa = PBXGroup;
			children = (
				C51F73C225C1DD1E0047C80B /* Proderma.app */,
			);
			name = Products;
			sourceTree = "<group>";
		};
		C51F73C425C1DD1E0047C80B /* Proderma */ = {
			isa = PBXGroup;
			children = (
				C51F73C525C1DD1E0047C80B /* AppDelegate.swift */,
				C51F73C725C1DD1E0047C80B /* SceneDelegate.swift */,
				C527611725FF957E002F3989 /* splash.gif */,
				C51F73C925C1DD1E0047C80B /* SelLangVC.swift */,
				C51DD8282608CCDF00FCDCFE /* Localizable.strings */,
				C541469B25CF733E007F73AB /* GoogleService-Info.plist */,
				C527613925FF9932002F3989 /* Gifanimation */,
				C524BAB425CDA132005980B5 /* Home */,
				C524BAB625CDA140005980B5 /* Clinic */,
				C524BAB725CDA146005980B5 /* Event */,
				C524BA8225CCDB45005980B5 /* Chat */,
				C524BAB825CDA15E005980B5 /* History */,
				C524BAB925CDA166005980B5 /* Setting */,
				C524BABC25CDA1B6005980B5 /* Log */,
				C524BABD25CDA1BF005980B5 /* Cell */,
				C541469125CF6EF7007F73AB /* Model */,
				C51F73CB25C1DD1E0047C80B /* Main.storyboard */,
				C51F73CE25C1DD200047C80B /* Assets.xcassets */,
				C51F73D025C1DD200047C80B /* LaunchScreen.storyboard */,
				C51F73D325C1DD200047C80B /* Info.plist */,
			);
			path = Proderma;
			sourceTree = "<group>";
		};
		C524BA8225CCDB45005980B5 /* Chat */ = {
			isa = PBXGroup;
			children = (
				C524BA8325CCDB6A005980B5 /* ChatVC.swift */,
			);
			path = Chat;
			sourceTree = "<group>";
		};
		C524BAB425CDA132005980B5 /* Home */ = {
			isa = PBXGroup;
			children = (
				C524BABE25CDA1DF005980B5 /* HomeVC.swift */,
				C524BAC125CDA218005980B5 /* AllProductVC.swift */,
				C524BAC425CDA226005980B5 /* AllClinicVC.swift */,
				C524BAC725CDA23A005980B5 /* OneProductVC.swift */,
				C524BACA25CDA24B005980B5 /* OneClinicVC.swift */,
				C524BACD25CDA261005980B5 /* ProductInfoVC.swift */,
			);
			path = Home;
			sourceTree = "<group>";
		};
		C524BAB625CDA140005980B5 /* Clinic */ = {
			isa = PBXGroup;
			children = (
				C524BAD025CDA273005980B5 /* ClinicHomeVC.swift */,
				C524BAD325CDA282005980B5 /* ClinicInfoEditVC.swift */,
				C524BAD625CDA297005980B5 /* ClinicDoctorAddVC.swift */,
				C524BAD925CDA2AA005980B5 /* ClinicDoctorUpdateVC.swift */,
				C524BADC25CDA2C1005980B5 /* ClinicPhotoAllVC.swift */,
				C524BADF25CDA2D9005980B5 /* ClinicPhotoDelVC.swift */,
				C55B14052601A52800715036 /* ClinicOfferAddVC.swift */,
				C55B14082601ABA200715036 /* ClinicOfferDelVC.swift */,
				C59E542F2607A0A900CAD33A /* ClinicNormalVC.swift */,
			);
			path = Clinic;
			sourceTree = "<group>";
		};
		C524BAB725CDA146005980B5 /* Event */ = {
			isa = PBXGroup;
			children = (
				C524BAE225CDA2F1005980B5 /* EventHomeVC.swift */,
				C55B13F92600F90800715036 /* EventOneVC.swift */,
			);
			path = Event;
			sourceTree = "<group>";
		};
		C524BAB825CDA15E005980B5 /* History */ = {
			isa = PBXGroup;
			children = (
				C524BAE525CDA308005980B5 /* HistoryHomeVC.swift */,
			);
			path = History;
			sourceTree = "<group>";
		};
		C524BAB925CDA166005980B5 /* Setting */ = {
			isa = PBXGroup;
			children = (
				C524BAE825CDA31C005980B5 /* SettingHomeVC.swift */,
				C524BAFB25CDA47F005980B5 /* ChangePassVC.swift */,
			);
			path = Setting;
			sourceTree = "<group>";
		};
		C524BABC25CDA1B6005980B5 /* Log */ = {
			isa = PBXGroup;
			children = (
				C524BAEC25CDA332005980B5 /* LogHomeVC.swift */,
				C524BAF025CDA340005980B5 /* LoginVC.swift */,
				C524BAF425CDA353005980B5 /* SignupVC.swift */,
				C524BAF825CDA362005980B5 /* SignupClinicVC.swift */,
			);
			path = Log;
			sourceTree = "<group>";
		};
		C524BABD25CDA1BF005980B5 /* Cell */ = {
			isa = PBXGroup;
			children = (
				C54146CF25CFE923007F73AB /* HomeclinicCell.swift */,
				C55B13EF2600D9C300715036 /* OrderHistoryCell.swift */,
				C55B13FF2601308600715036 /* ClinicDoctorCell.swift */,
				C56379B925D4376B00B99EE5 /* ProductinfoCell.swift */,
				C54146D225CFED80007F73AB /* HomeproductCell.swift */,
				C54146D625CFF295007F73AB /* AllproductCell.swift */,
				C52761AB25FF9D20002F3989 /* AllClinicCell.swift */,
				C541473E25D0E32D007F73AB /* ProductClinicCell.swift */,
				C52761B425FFC016002F3989 /* HomeDoctorCell.swift */,
				C527609425FF8B09002F3989 /* BrandCell.swift */,
				C55B14022601921300715036 /* ClinicImageCell.swift */,
				C52761B725FFC322002F3989 /* OfferCell.swift */,
				C55B13F62600EBBD00715036 /* EventListCell.swift */,
				C52761B825FFC322002F3989 /* OfferCell.xib */,
			);
			path = Cell;
			sourceTree = "<group>";
		};
		C527613925FF9932002F3989 /* Gifanimation */ = {
			isa = PBXGroup;
			children = (
				C52761A325FF996D002F3989 /* LogoAnimationView.swift */,
				C52761A425FF996E002F3989 /* UIView+Constraints.swift */,
				C52761A825FF9989002F3989 /* SplashVC.swift */,
			);
			path = Gifanimation;
			sourceTree = "<group>";
		};
		C541469125CF6EF7007F73AB /* Model */ = {
			isa = PBXGroup;
			children = (
				C541469225CF6F09007F73AB /* Clinic.swift */,
				C541469825CF6F7D007F73AB /* Product.swift */,
				C51DD81D2608CBA900FCDCFE /* LocalizationSystem.swift */,
				C527609725FF8F32002F3989 /* Brand.swift */,
				C541473825D0D601007F73AB /* ProductImage.swift */,
				C541473B25D0D6F6007F73AB /* ClinicImage.swift */,
				C541469525CF6F6C007F73AB /* Global.swift */,
				C56379B325D4363F00B99EE5 /* ProductPdf.swift */,
				C56379B625D4372D00B99EE5 /* Productvideo.swift */,
				C52761AE25FFB934002F3989 /* Doctor.swift */,
				C52761B125FFB943002F3989 /* Offer.swift */,
				C55B13EB2600D92F00715036 /* OrderHistory.swift */,
				C55B13F32600EB3600715036 /* Event.swift */,
				C55B13FC2600FB1C00715036 /* EventImage.swift */,
			);
			path = Model;
			sourceTree = "<group>";
		};
		D4DD54C258579908F13E8F15 /* Pods */ = {
			isa = PBXGroup;
			children = (
				102C3AAF3D9260A893E9D181 /* Pods-Proderma.debug.xcconfig */,
				61CCFD07A238CAD000CC596C /* Pods-Proderma.release.xcconfig */,
			);
			path = Pods;
			sourceTree = "<group>";
		};
/* End PBXGroup section */

/* Begin PBXNativeTarget section */
		C51F73C125C1DD1E0047C80B /* Proderma */ = {
			isa = PBXNativeTarget;
			buildConfigurationList = C51F73D625C1DD200047C80B /* Build configuration list for PBXNativeTarget "Proderma" */;
			buildPhases = (
				8E855CC7B65BAE671DBC231E /* [CP] Check Pods Manifest.lock */,
				C51F73BE25C1DD1E0047C80B /* Sources */,
				C51F73BF25C1DD1E0047C80B /* Frameworks */,
				C51F73C025C1DD1E0047C80B /* Resources */,
				04DC7C32C55A40513200B507 /* [CP] Embed Pods Frameworks */,
				2A8735405D0A762ED3A953D9 /* [CP] Copy Pods Resources */,
			);
			buildRules = (
			);
			dependencies = (
			);
			name = Proderma;
			productName = Proderma;
			productReference = C51F73C225C1DD1E0047C80B /* Proderma.app */;
			productType = "com.apple.product-type.application";
		};
/* End PBXNativeTarget section */

/* Begin PBXProject section */
		C51F73BA25C1DD1E0047C80B /* Project object */ = {
			isa = PBXProject;
			attributes = {
				LastSwiftUpdateCheck = 1220;
				LastUpgradeCheck = 1220;
				TargetAttributes = {
					C51F73C125C1DD1E0047C80B = {
						CreatedOnToolsVersion = 12.2;
					};
				};
			};
			buildConfigurationList = C51F73BD25C1DD1E0047C80B /* Build configuration list for PBXProject "Proderma" */;
			compatibilityVersion = "Xcode 9.3";
			developmentRegion = en;
			hasScannedForEncodings = 0;
			knownRegions = (
				en,
				Base,
				ar,
			);
			mainGroup = C51F73B925C1DD1E0047C80B;
			productRefGroup = C51F73C325C1DD1E0047C80B /* Products */;
			projectDirPath = "";
			projectRoot = "";
			targets = (
				C51F73C125C1DD1E0047C80B /* Proderma */,
			);
		};
/* End PBXProject section */

/* Begin PBXResourcesBuildPhase section */
		C51F73C025C1DD1E0047C80B /* Resources */ = {
			isa = PBXResourcesBuildPhase;
			buildActionMask = 2147483647;
			files = (
				C51F73D225C1DD200047C80B /* LaunchScreen.storyboard in Resources */,
				C541469C25CF733E007F73AB /* GoogleService-Info.plist in Resources */,
				C52761BA25FFC322002F3989 /* OfferCell.xib in Resources */,
				C51DD8262608CCDF00FCDCFE /* Localizable.strings in Resources */,
				C51F73CF25C1DD200047C80B /* Assets.xcassets in Resources */,
				C51F73CD25C1DD1F0047C80B /* Main.storyboard in Resources */,
				C527611825FF957E002F3989 /* splash.gif in Resources */,
			);
			runOnlyForDeploymentPostprocessing = 0;
		};
/* End PBXResourcesBuildPhase section */

/* Begin PBXShellScriptBuildPhase section */
		04DC7C32C55A40513200B507 /* [CP] Embed Pods Frameworks */ = {
			isa = PBXShellScriptBuildPhase;
			buildActionMask = 2147483647;
			files = (
			);
			inputFileListPaths = (
				"${PODS_ROOT}/Target Support Files/Pods-Proderma/Pods-Proderma-frameworks-${CONFIGURATION}-input-files.xcfilelist",
			);
			name = "[CP] Embed Pods Frameworks";
			outputFileListPaths = (
				"${PODS_ROOT}/Target Support Files/Pods-Proderma/Pods-Proderma-frameworks-${CONFIGURATION}-output-files.xcfilelist",
			);
			runOnlyForDeploymentPostprocessing = 0;
			shellPath = /bin/sh;
			shellScript = "\"${PODS_ROOT}/Target Support Files/Pods-Proderma/Pods-Proderma-frameworks.sh\"\n";
			showEnvVarsInLog = 0;
		};
		2A8735405D0A762ED3A953D9 /* [CP] Copy Pods Resources */ = {
			isa = PBXShellScriptBuildPhase;
			buildActionMask = 2147483647;
			files = (
			);
			inputFileListPaths = (
				"${PODS_ROOT}/Target Support Files/Pods-Proderma/Pods-Proderma-resources-${CONFIGURATION}-input-files.xcfilelist",
			);
			name = "[CP] Copy Pods Resources";
			outputFileListPaths = (
				"${PODS_ROOT}/Target Support Files/Pods-Proderma/Pods-Proderma-resources-${CONFIGURATION}-output-files.xcfilelist",
			);
			runOnlyForDeploymentPostprocessing = 0;
			shellPath = /bin/sh;
			shellScript = "\"${PODS_ROOT}/Target Support Files/Pods-Proderma/Pods-Proderma-resources.sh\"\n";
			showEnvVarsInLog = 0;
		};
		8E855CC7B65BAE671DBC231E /* [CP] Check Pods Manifest.lock */ = {
			isa = PBXShellScriptBuildPhase;
			buildActionMask = 2147483647;
			files = (
			);
			inputFileListPaths = (
			);
			inputPaths = (
				"${PODS_PODFILE_DIR_PATH}/Podfile.lock",
				"${PODS_ROOT}/Manifest.lock",
			);
			name = "[CP] Check Pods Manifest.lock";
			outputFileListPaths = (
			);
			outputPaths = (
				"$(DERIVED_FILE_DIR)/Pods-Proderma-checkManifestLockResult.txt",
			);
			runOnlyForDeploymentPostprocessing = 0;
			shellPath = /bin/sh;
			shellScript = "diff \"${PODS_PODFILE_DIR_PATH}/Podfile.lock\" \"${PODS_ROOT}/Manifest.lock\" > /dev/null\nif [ $? != 0 ] ; then\n    # print error to STDERR\n    echo \"error: The sandbox is not in sync with the Podfile.lock. Run 'pod install' or update your CocoaPods installation.\" >&2\n    exit 1\nfi\n# This output is used by Xcode 'outputs' to avoid re-running this script phase.\necho \"SUCCESS\" > \"${SCRIPT_OUTPUT_FILE_0}\"\n";
			showEnvVarsInLog = 0;
		};
/* End PBXShellScriptBuildPhase section */

/* Begin PBXSourcesBuildPhase section */
		C51F73BE25C1DD1E0047C80B /* Sources */ = {
			isa = PBXSourcesBuildPhase;
			buildActionMask = 2147483647;
			files = (
				C524BAE925CDA31C005980B5 /* SettingHomeVC.swift in Sources */,
				C56379BA25D4376B00B99EE5 /* ProductinfoCell.swift in Sources */,
				C541473C25D0D6F6007F73AB /* ClinicImage.swift in Sources */,
				C52761A925FF9989002F3989 /* SplashVC.swift in Sources */,
				C55B14062601A52800715036 /* ClinicOfferAddVC.swift in Sources */,
				C524BAE625CDA308005980B5 /* HistoryHomeVC.swift in Sources */,
				C524BAF125CDA340005980B5 /* LoginVC.swift in Sources */,
				C55B13FA2600F90800715036 /* EventOneVC.swift in Sources */,
				C524BAED25CDA332005980B5 /* LogHomeVC.swift in Sources */,
				C524BAD725CDA297005980B5 /* ClinicDoctorAddVC.swift in Sources */,
				C59E54302607A0A900CAD33A /* ClinicNormalVC.swift in Sources */,
				C52761B925FFC322002F3989 /* OfferCell.swift in Sources */,
				C52761A625FF996E002F3989 /* UIView+Constraints.swift in Sources */,
				C524BACE25CDA261005980B5 /* ProductInfoVC.swift in Sources */,
				C541473925D0D601007F73AB /* ProductImage.swift in Sources */,
				C524BAC525CDA226005980B5 /* AllClinicVC.swift in Sources */,
				C524BAE325CDA2F1005980B5 /* EventHomeVC.swift in Sources */,
				C51DD81E2608CBA900FCDCFE /* LocalizationSystem.swift in Sources */,
				C524BACB25CDA24B005980B5 /* OneClinicVC.swift in Sources */,
				C524BADD25CDA2C1005980B5 /* ClinicPhotoAllVC.swift in Sources */,
				C524BAF925CDA362005980B5 /* SignupClinicVC.swift in Sources */,
				C55B14092601ABA200715036 /* ClinicOfferDelVC.swift in Sources */,
				C524BAC825CDA23A005980B5 /* OneProductVC.swift in Sources */,
				C54146D325CFED80007F73AB /* HomeproductCell.swift in Sources */,
				C524BA8425CCDB6A005980B5 /* ChatVC.swift in Sources */,
				C52761AF25FFB934002F3989 /* Doctor.swift in Sources */,
				C524BAD125CDA273005980B5 /* ClinicHomeVC.swift in Sources */,
				C524BAD425CDA282005980B5 /* ClinicInfoEditVC.swift in Sources */,
				C527609525FF8B09002F3989 /* BrandCell.swift in Sources */,
				C524BABF25CDA1DF005980B5 /* HomeVC.swift in Sources */,
				C51F73CA25C1DD1E0047C80B /* SelLangVC.swift in Sources */,
				C524BAE025CDA2D9005980B5 /* ClinicPhotoDelVC.swift in Sources */,
				C52761AC25FF9D20002F3989 /* AllClinicCell.swift in Sources */,
				C55B13F72600EBBD00715036 /* EventListCell.swift in Sources */,
				C52761A525FF996E002F3989 /* LogoAnimationView.swift in Sources */,
				C54146D725CFF295007F73AB /* AllproductCell.swift in Sources */,
				C54146D025CFE923007F73AB /* HomeclinicCell.swift in Sources */,
				C55B13F02600D9C300715036 /* OrderHistoryCell.swift in Sources */,
				C541469625CF6F6C007F73AB /* Global.swift in Sources */,
				C55B14032601921400715036 /* ClinicImageCell.swift in Sources */,
				C55B13EC2600D92F00715036 /* OrderHistory.swift in Sources */,
				C55B13FD2600FB1C00715036 /* EventImage.swift in Sources */,
				C541473F25D0E32D007F73AB /* ProductClinicCell.swift in Sources */,
				C52761B525FFC016002F3989 /* HomeDoctorCell.swift in Sources */,
				C55B14002601308600715036 /* ClinicDoctorCell.swift in Sources */,
				C51F73C625C1DD1E0047C80B /* AppDelegate.swift in Sources */,
				C541469925CF6F7D007F73AB /* Product.swift in Sources */,
				C527609825FF8F32002F3989 /* Brand.swift in Sources */,
				C524BAFC25CDA47F005980B5 /* ChangePassVC.swift in Sources */,
				C55B13F42600EB3600715036 /* Event.swift in Sources */,
				C541469325CF6F09007F73AB /* Clinic.swift in Sources */,
				C56379B725D4372D00B99EE5 /* Productvideo.swift in Sources */,
				C524BAC225CDA218005980B5 /* AllProductVC.swift in Sources */,
				C524BADA25CDA2AA005980B5 /* ClinicDoctorUpdateVC.swift in Sources */,
				C52761B225FFB943002F3989 /* Offer.swift in Sources */,
				C524BAF525CDA353005980B5 /* SignupVC.swift in Sources */,
				C56379B425D4363F00B99EE5 /* ProductPdf.swift in Sources */,
				C51F73C825C1DD1E0047C80B /* SceneDelegate.swift in Sources */,
			);
			runOnlyForDeploymentPostprocessing = 0;
		};
/* End PBXSourcesBuildPhase section */

/* Begin PBXVariantGroup section */
		C51DD8282608CCDF00FCDCFE /* Localizable.strings */ = {
			isa = PBXVariantGroup;
			children = (
				C51DD8272608CCDF00FCDCFE /* ar */,
				C51DD8292608CCE600FCDCFE /* en */,
			);
			name = Localizable.strings;
			sourceTree = "<group>";
		};
		C51F73CB25C1DD1E0047C80B /* Main.storyboard */ = {
			isa = PBXVariantGroup;
			children = (
				C51F73CC25C1DD1E0047C80B /* Base */,
				C51DD8202608CC7E00FCDCFE /* ar */,
			);
			name = Main.storyboard;
			sourceTree = "<group>";
		};
		C51F73D025C1DD200047C80B /* LaunchScreen.storyboard */ = {
			isa = PBXVariantGroup;
			children = (
				C51F73D125C1DD200047C80B /* Base */,
				C51DD8212608CC7F00FCDCFE /* ar */,
			);
			name = LaunchScreen.storyboard;
			sourceTree = "<group>";
		};
/* End PBXVariantGroup section */

/* Begin XCBuildConfiguration section */
		C51F73D425C1DD200047C80B /* Debug */ = {
			isa = XCBuildConfiguration;
			buildSettings = {
				ALWAYS_SEARCH_USER_PATHS = NO;
				CLANG_ANALYZER_LOCALIZABILITY_NONLOCALIZED = YES;
				CLANG_ANALYZER_NONNULL = YES;
				CLANG_ANALYZER_NUMBER_OBJECT_CONVERSION = YES_AGGRESSIVE;
				CLANG_CXX_LANGUAGE_STANDARD = "gnu++14";
				CLANG_CXX_LIBRARY = "libc++";
				CLANG_ENABLE_MODULES = YES;
				CLANG_ENABLE_OBJC_ARC = YES;
				CLANG_ENABLE_OBJC_WEAK = YES;
				CLANG_WARN_BLOCK_CAPTURE_AUTORELEASING = YES;
				CLANG_WARN_BOOL_CONVERSION = YES;
				CLANG_WARN_COMMA = YES;
				CLANG_WARN_CONSTANT_CONVERSION = YES;
				CLANG_WARN_DEPRECATED_OBJC_IMPLEMENTATIONS = YES;
				CLANG_WARN_DIRECT_OBJC_ISA_USAGE = YES_ERROR;
				CLANG_WARN_DOCUMENTATION_COMMENTS = YES;
				CLANG_WARN_EMPTY_BODY = YES;
				CLANG_WARN_ENUM_CONVERSION = YES;
				CLANG_WARN_INFINITE_RECURSION = YES;
				CLANG_WARN_INT_CONVERSION = YES;
				CLANG_WARN_NON_LITERAL_NULL_CONVERSION = YES;
				CLANG_WARN_OBJC_IMPLICIT_RETAIN_SELF = YES;
				CLANG_WARN_OBJC_LITERAL_CONVERSION = YES;
				CLANG_WARN_OBJC_ROOT_CLASS = YES_ERROR;
				CLANG_WARN_QUOTED_INCLUDE_IN_FRAMEWORK_HEADER = YES;
				CLANG_WARN_RANGE_LOOP_ANALYSIS = YES;
				CLANG_WARN_STRICT_PROTOTYPES = YES;
				CLANG_WARN_SUSPICIOUS_MOVE = YES;
				CLANG_WARN_UNGUARDED_AVAILABILITY = YES_AGGRESSIVE;
				CLANG_WARN_UNREACHABLE_CODE = YES;
				CLANG_WARN__DUPLICATE_METHOD_MATCH = YES;
				COPY_PHASE_STRIP = NO;
				DEBUG_INFORMATION_FORMAT = dwarf;
				ENABLE_STRICT_OBJC_MSGSEND = YES;
				ENABLE_TESTABILITY = YES;
				GCC_C_LANGUAGE_STANDARD = gnu11;
				GCC_DYNAMIC_NO_PIC = NO;
				GCC_NO_COMMON_BLOCKS = YES;
				GCC_OPTIMIZATION_LEVEL = 0;
				GCC_PREPROCESSOR_DEFINITIONS = (
					"DEBUG=1",
					"$(inherited)",
				);
				GCC_WARN_64_TO_32_BIT_CONVERSION = YES;
				GCC_WARN_ABOUT_RETURN_TYPE = YES_ERROR;
				GCC_WARN_UNDECLARED_SELECTOR = YES;
				GCC_WARN_UNINITIALIZED_AUTOS = YES_AGGRESSIVE;
				GCC_WARN_UNUSED_FUNCTION = YES;
				GCC_WARN_UNUSED_VARIABLE = YES;
				IPHONEOS_DEPLOYMENT_TARGET = 14.2;
				MTL_ENABLE_DEBUG_INFO = INCLUDE_SOURCE;
				MTL_FAST_MATH = YES;
				ONLY_ACTIVE_ARCH = YES;
				SDKROOT = iphoneos;
				SWIFT_ACTIVE_COMPILATION_CONDITIONS = DEBUG;
				SWIFT_OPTIMIZATION_LEVEL = "-Onone";
			};
			name = Debug;
		};
		C51F73D525C1DD200047C80B /* Release */ = {
			isa = XCBuildConfiguration;
			buildSettings = {
				ALWAYS_SEARCH_USER_PATHS = NO;
				CLANG_ANALYZER_LOCALIZABILITY_NONLOCALIZED = YES;
				CLANG_ANALYZER_NONNULL = YES;
				CLANG_ANALYZER_NUMBER_OBJECT_CONVERSION = YES_AGGRESSIVE;
				CLANG_CXX_LANGUAGE_STANDARD = "gnu++14";
				CLANG_CXX_LIBRARY = "libc++";
				CLANG_ENABLE_MODULES = YES;
				CLANG_ENABLE_OBJC_ARC = YES;
				CLANG_ENABLE_OBJC_WEAK = YES;
				CLANG_WARN_BLOCK_CAPTURE_AUTORELEASING = YES;
				CLANG_WARN_BOOL_CONVERSION = YES;
				CLANG_WARN_COMMA = YES;
				CLANG_WARN_CONSTANT_CONVERSION = YES;
				CLANG_WARN_DEPRECATED_OBJC_IMPLEMENTATIONS = YES;
				CLANG_WARN_DIRECT_OBJC_ISA_USAGE = YES_ERROR;
				CLANG_WARN_DOCUMENTATION_COMMENTS = YES;
				CLANG_WARN_EMPTY_BODY = YES;
				CLANG_WARN_ENUM_CONVERSION = YES;
				CLANG_WARN_INFINITE_RECURSION = YES;
				CLANG_WARN_INT_CONVERSION = YES;
				CLANG_WARN_NON_LITERAL_NULL_CONVERSION = YES;
				CLANG_WARN_OBJC_IMPLICIT_RETAIN_SELF = YES;
				CLANG_WARN_OBJC_LITERAL_CONVERSION = YES;
				CLANG_WARN_OBJC_ROOT_CLASS = YES_ERROR;
				CLANG_WARN_QUOTED_INCLUDE_IN_FRAMEWORK_HEADER = YES;
				CLANG_WARN_RANGE_LOOP_ANALYSIS = YES;
				CLANG_WARN_STRICT_PROTOTYPES = YES;
				CLANG_WARN_SUSPICIOUS_MOVE = YES;
				CLANG_WARN_UNGUARDED_AVAILABILITY = YES_AGGRESSIVE;
				CLANG_WARN_UNREACHABLE_CODE = YES;
				CLANG_WARN__DUPLICATE_METHOD_MATCH = YES;
				COPY_PHASE_STRIP = NO;
				DEBUG_INFORMATION_FORMAT = "dwarf-with-dsym";
				ENABLE_NS_ASSERTIONS = NO;
				ENABLE_STRICT_OBJC_MSGSEND = YES;
				GCC_C_LANGUAGE_STANDARD = gnu11;
				GCC_NO_COMMON_BLOCKS = YES;
				GCC_WARN_64_TO_32_BIT_CONVERSION = YES;
				GCC_WARN_ABOUT_RETURN_TYPE = YES_ERROR;
				GCC_WARN_UNDECLARED_SELECTOR = YES;
				GCC_WARN_UNINITIALIZED_AUTOS = YES_AGGRESSIVE;
				GCC_WARN_UNUSED_FUNCTION = YES;
				GCC_WARN_UNUSED_VARIABLE = YES;
				IPHONEOS_DEPLOYMENT_TARGET = 14.2;
				MTL_ENABLE_DEBUG_INFO = NO;
				MTL_FAST_MATH = YES;
				SDKROOT = iphoneos;
				SWIFT_COMPILATION_MODE = wholemodule;
				SWIFT_OPTIMIZATION_LEVEL = "-O";
				VALIDATE_PRODUCT = YES;
			};
			name = Release;
		};
		C51F73D725C1DD200047C80B /* Debug */ = {
			isa = XCBuildConfiguration;
			baseConfigurationReference = 102C3AAF3D9260A893E9D181 /* Pods-Proderma.debug.xcconfig */;
			buildSettings = {
				ASSETCATALOG_COMPILER_APPICON_NAME = AppIcon;
				ASSETCATALOG_COMPILER_GLOBAL_ACCENT_COLOR_NAME = AccentColor;
				CODE_SIGN_STYLE = Automatic;
				CURRENT_PROJECT_VERSION = 2;
				DEVELOPMENT_TEAM = 6MS8U9CKRD;
				INFOPLIST_FILE = Proderma/Info.plist;
				IPHONEOS_DEPLOYMENT_TARGET = 13.1;
				LD_RUNPATH_SEARCH_PATHS = (
					"$(inherited)",
					"@executable_path/Frameworks",
				);
				PRODUCT_BUNDLE_IDENTIFIER = com.mobiledevteam.proderma;
				PRODUCT_NAME = "$(TARGET_NAME)";
				SWIFT_VERSION = 5.0;
				TARGETED_DEVICE_FAMILY = 1;
			};
			name = Debug;
		};
		C51F73D825C1DD200047C80B /* Release */ = {
			isa = XCBuildConfiguration;
			baseConfigurationReference = 61CCFD07A238CAD000CC596C /* Pods-Proderma.release.xcconfig */;
			buildSettings = {
				ASSETCATALOG_COMPILER_APPICON_NAME = AppIcon;
				ASSETCATALOG_COMPILER_GLOBAL_ACCENT_COLOR_NAME = AccentColor;
				CODE_SIGN_STYLE = Automatic;
				CURRENT_PROJECT_VERSION = 2;
				DEVELOPMENT_TEAM = 6MS8U9CKRD;
				INFOPLIST_FILE = Proderma/Info.plist;
				IPHONEOS_DEPLOYMENT_TARGET = 13.1;
				LD_RUNPATH_SEARCH_PATHS = (
					"$(inherited)",
					"@executable_path/Frameworks",
				);
				PRODUCT_BUNDLE_IDENTIFIER = com.mobiledevteam.proderma;
				PRODUCT_NAME = "$(TARGET_NAME)";
				SWIFT_VERSION = 5.0;
				TARGETED_DEVICE_FAMILY = 1;
			};
			name = Release;
		};
/* End XCBuildConfiguration section */

/* Begin XCConfigurationList section */
		C51F73BD25C1DD1E0047C80B /* Build configuration list for PBXProject "Proderma" */ = {
			isa = XCConfigurationList;
			buildConfigurations = (
				C51F73D425C1DD200047C80B /* Debug */,
				C51F73D525C1DD200047C80B /* Release */,
			);
			defaultConfigurationIsVisible = 0;
			defaultConfigurationName = Release;
		};
		C51F73D625C1DD200047C80B /* Build configuration list for PBXNativeTarget "Proderma" */ = {
			isa = XCConfigurationList;
			buildConfigurations = (
				C51F73D725C1DD200047C80B /* Debug */,
				C51F73D825C1DD200047C80B /* Release */,
			);
			defaultConfigurationIsVisible = 0;
			defaultConfigurationName = Release;
		};
/* End XCConfigurationList section */
	};
	rootObject = C51F73BA25C1DD1E0047C80B /* Project object */;
}
